{
  "name": "finance-agent",
  "version": "1.0.0",
  "lockfileVersion": 3,
  "requires": true,
  "packages": {
    "": {
      "name": "finance-agent",
      "version": "1.0.0",
      "license": "ISC",
      "dependencies": {
        "dotenv": "^18.0.5",
        "groq-sdk": "^1.6.0"
      }
    },
    "node_modules/dotenv": {
      "version": "18.0.5",
      "resolved": "https://registry.npmjs.org/dotenv/-/dotenv-18.0.5.tgz",
      "integrity": "sha512-aBrGvt6KhjxbEnatqMWOMidftwsrCiCvqh1yNIGB9QyF0J+VcWkKDMsvYOEm7ZS82oiV+BT1sTOtIlAmUlTpwQ==",
      "license": "BSD-2-Clause",
      "bin": {
        "dotenv": "dist/index.cjs"
      },
      "engines": {
        "node": ">=12"
      },
      "funding": {
        "url": "https://dotenvx.com"
      }
    },
    "node_modules/groq-sdk": {
      "version": "1.6.0",
      "resolved": "https://registry.npmjs.org/groq-sdk/-/groq-sdk-1.6.0.tgz",
      "integrity": "sha512-ggMgo6n84aZdNObgkSbSxWrdAq4wABsViIRb5e4N15bMUtDLZVhqlgZOI7X4TeqdBMdaVUOuUdZxAZIp06u0vw==",
      "license": "Apache-2.0",
      "bin": {
        "groq-sdk": "bin/cli"
      }
    }
  }
}
